<?xml version="1.0" encoding="utf-8"?>
<Project ToolsVersion="17.0" xmlns="http://schemas.microsoft.com/developer/msbuild/2003">
  <ItemGroup>
    <ClCompile Include="D:\Dev\Beef\Sedulous-Serenity\Code\Dependencies\recastnavigation-Beef\recastnavigation-c\recastnavigation\DetourCrowd\Source\DetourCrowd.cpp">
      <Filter>Source Files</Filter>
    </ClCompile>
    <ClCompile Include="D:\Dev\Beef\Sedulous-Serenity\Code\Dependencies\recastnavigation-Beef\recastnavigation-c\recastnavigation\DetourCrowd\Source\DetourLocalBoundary.cpp">
      <Filter>Source Files</Filter>
    </ClCompile>
    <ClCompile Include="D:\Dev\Beef\Sedulous-Serenity\Code\Dependencies\recastnavigation-Beef\recastnavigation-c\recastnavigation\DetourCrowd\Source\DetourObstacleAvoidance.cpp">
      <Filter>Source Files</Filter>
    </ClCompile>
    <ClCompile Include="D:\Dev\Beef\Sedulous-Serenity\Code\Dependencies\recastnavigation-Beef\recastnavigation-c\recastnavigation\DetourCrowd\Source\DetourPathCorridor.cpp">
      <Filter>Source Files</Filter>
    </ClCompile>
    <ClCompile Include="D:\Dev\Beef\Sedulous-Serenity\Code\Dependencies\recastnavigation-Beef\recastnavigation-c\recastnavigation\DetourCrowd\Source\DetourPathQueue.cpp">
      <Filter>Source Files</Filter>
    </ClCompile>
    <ClCompile Include="D:\Dev\Beef\Sedulous-Serenity\Code\Dependencies\recastnavigation-Beef\recastnavigation-c\recastnavigation\DetourCrowd\Source\DetourProximityGrid.cpp">
      <Filter>Source Files</Filter>
    </ClCompile>
    <ClCompile Include="D:\Dev\Beef\Sedulous-Serenity\Code\Dependencies\recastnavigation-Beef\recastnavigation-c\DetourCrowd-c\DetourCrowdC.cpp">
      <Filter>Source Files</Filter>
    </ClCompile>
  </ItemGroup>
  <ItemGroup>
    <CustomBuild Include="D:\Dev\Beef\Sedulous-Serenity\Code\Dependencies\recastnavigation-Beef\recastnavigation-c\CMakeLists.txt" />
  </ItemGroup>
  <ItemGroup>
    <Filter Include="Source Files">
      <UniqueIdentifier>{EDF4338F-882E-319C-86C4-2E5012A29AA4}</UniqueIdentifier>
    </Filter>
  </ItemGroup>
</Project>
