<?xml version="1.0" encoding="utf-8"?>
<Project ToolsVersion="17.0" xmlns="http://schemas.microsoft.com/developer/msbuild/2003">
  <ItemGroup>
    <ClCompile Include="D:\Dev\Beef\Sedulous-Serenity\Code\Dependencies\recastnavigation-Beef\recastnavigation-c\recastnavigation\Recast\Source\Recast.cpp">
      <Filter>Source Files</Filter>
    </ClCompile>
    <ClCompile Include="D:\Dev\Beef\Sedulous-Serenity\Code\Dependencies\recastnavigation-Beef\recastnavigation-c\recastnavigation\Recast\Source\RecastAlloc.cpp">
      <Filter>Source Files</Filter>
    </ClCompile>
    <ClCompile Include="D:\Dev\Beef\Sedulous-Serenity\Code\Dependencies\recastnavigation-Beef\recastnavigation-c\recastnavigation\Recast\Source\RecastArea.cpp">
      <Filter>Source Files</Filter>
    </ClCompile>
    <ClCompile Include="D:\Dev\Beef\Sedulous-Serenity\Code\Dependencies\recastnavigation-Beef\recastnavigation-c\recastnavigation\Recast\Source\RecastAssert.cpp">
      <Filter>Source Files</Filter>
    </ClCompile>
    <ClCompile Include="D:\Dev\Beef\Sedulous-Serenity\Code\Dependencies\recastnavigation-Beef\recastnavigation-c\recastnavigation\Recast\Source\RecastContour.cpp">
      <Filter>Source Files</Filter>
    </ClCompile>
    <ClCompile Include="D:\Dev\Beef\Sedulous-Serenity\Code\Dependencies\recastnavigation-Beef\recastnavigation-c\recastnavigation\Recast\Source\RecastFilter.cpp">
      <Filter>Source Files</Filter>
    </ClCompile>
    <ClCompile Include="D:\Dev\Beef\Sedulous-Serenity\Code\Dependencies\recastnavigation-Beef\recastnavigation-c\recastnavigation\Recast\Source\RecastLayers.cpp">
      <Filter>Source Files</Filter>
    </ClCompile>
    <ClCompile Include="D:\Dev\Beef\Sedulous-Serenity\Code\Dependencies\recastnavigation-Beef\recastnavigation-c\recastnavigation\Recast\Source\RecastMesh.cpp">
      <Filter>Source Files</Filter>
    </ClCompile>
    <ClCompile Include="D:\Dev\Beef\Sedulous-Serenity\Code\Dependencies\recastnavigation-Beef\recastnavigation-c\recastnavigation\Recast\Source\RecastMeshDetail.cpp">
      <Filter>Source Files</Filter>
    </ClCompile>
    <ClCompile Include="D:\Dev\Beef\Sedulous-Serenity\Code\Dependencies\recastnavigation-Beef\recastnavigation-c\recastnavigation\Recast\Source\RecastRasterization.cpp">
      <Filter>Source Files</Filter>
    </ClCompile>
    <ClCompile Include="D:\Dev\Beef\Sedulous-Serenity\Code\Dependencies\recastnavigation-Beef\recastnavigation-c\recastnavigation\Recast\Source\RecastRegion.cpp">
      <Filter>Source Files</Filter>
    </ClCompile>
    <ClCompile Include="D:\Dev\Beef\Sedulous-Serenity\Code\Dependencies\recastnavigation-Beef\recastnavigation-c\Recast-c\RecastC.cpp">
      <Filter>Source Files</Filter>
    </ClCompile>
  </ItemGroup>
  <ItemGroup>
    <CustomBuild Include="D:\Dev\Beef\Sedulous-Serenity\Code\Dependencies\recastnavigation-Beef\recastnavigation-c\CMakeLists.txt" />
  </ItemGroup>
  <ItemGroup>
    <Filter Include="Source Files">
      <UniqueIdentifier>{EDF4338F-882E-319C-86C4-2E5012A29AA4}</UniqueIdentifier>
    </Filter>
  </ItemGroup>
</Project>
