<?xml version="1.0" encoding="utf-8"?>
<Project ToolsVersion="17.0" xmlns="http://schemas.microsoft.com/developer/msbuild/2003">
  <ItemGroup>
    <ClCompile Include="D:\Dev\Beef\Sedulous-Serenity\Code\Dependencies\recastnavigation-Beef\recastnavigation-c\recastnavigation\Detour\Source\DetourAlloc.cpp">
      <Filter>Source Files</Filter>
    </ClCompile>
    <ClCompile Include="D:\Dev\Beef\Sedulous-Serenity\Code\Dependencies\recastnavigation-Beef\recastnavigation-c\recastnavigation\Detour\Source\DetourAssert.cpp">
      <Filter>Source Files</Filter>
    </ClCompile>
    <ClCompile Include="D:\Dev\Beef\Sedulous-Serenity\Code\Dependencies\recastnavigation-Beef\recastnavigation-c\recastnavigation\Detour\Source\DetourCommon.cpp">
      <Filter>Source Files</Filter>
    </ClCompile>
    <ClCompile Include="D:\Dev\Beef\Sedulous-Serenity\Code\Dependencies\recastnavigation-Beef\recastnavigation-c\recastnavigation\Detour\Source\DetourNavMesh.cpp">
      <Filter>Source Files</Filter>
    </ClCompile>
    <ClCompile Include="D:\Dev\Beef\Sedulous-Serenity\Code\Dependencies\recastnavigation-Beef\recastnavigation-c\recastnavigation\Detour\Source\DetourNavMeshBuilder.cpp">
      <Filter>Source Files</Filter>
    </ClCompile>
    <ClCompile Include="D:\Dev\Beef\Sedulous-Serenity\Code\Dependencies\recastnavigation-Beef\recastnavigation-c\recastnavigation\Detour\Source\DetourNavMeshQuery.cpp">
      <Filter>Source Files</Filter>
    </ClCompile>
    <ClCompile Include="D:\Dev\Beef\Sedulous-Serenity\Code\Dependencies\recastnavigation-Beef\recastnavigation-c\recastnavigation\Detour\Source\DetourNode.cpp">
      <Filter>Source Files</Filter>
    </ClCompile>
    <ClCompile Include="D:\Dev\Beef\Sedulous-Serenity\Code\Dependencies\recastnavigation-Beef\recastnavigation-c\Detour-c\DetourC.cpp">
      <Filter>Source Files</Filter>
    </ClCompile>
  </ItemGroup>
  <ItemGroup>
    <CustomBuild Include="D:\Dev\Beef\Sedulous-Serenity\Code\Dependencies\recastnavigation-Beef\recastnavigation-c\CMakeLists.txt" />
  </ItemGroup>
  <ItemGroup>
    <Filter Include="Source Files">
      <UniqueIdentifier>{71AB093E-B6BE-3AF2-BD03-E0275A41E9F2}</UniqueIdentifier>
    </Filter>
  </ItemGroup>
</Project>
