
Microsoft Visual Studio Solution File, Format Version 12.00
# Visual Studio Version 17
Project("{8BC9CEB8-8B4A-11D0-8D11-00A0C91BC942}") = "ALL_BUILD", "ALL_BUILD.vcxproj", "{BA73EBB1-37F5-3D7A-A8F6-A0E3FABDB771}"
	ProjectSection(ProjectDependencies) = postProject
		{C76EA235-8C7F-3C65-B25F-7E2F6DB9A1C1} = {C76EA235-8C7F-3C65-B25F-7E2F6DB9A1C1}
		{74934982-E656-350A-8B53-27FB23053601} = {74934982-E656-350A-8B53-27FB23053601}
		{87F8B9DB-9160-35E1-974A-5E6D3363AD7B} = {87F8B9DB-9160-35E1-974A-5E6D3363AD7B}
		{F21F4161-2902-32C6-8F7A-E5A0E9FEEBC7} = {F21F4161-2902-32C6-8F7A-E5A0E9FEEBC7}
		{BD49CE53-61DA-3308-9E08-137A6FF82278} = {BD49CE53-61DA-3308-9E08-137A6FF82278}
		{A3AEF5FA-3018-3D75-84FA-3D0B64C000A9} = {A3AEF5FA-3018-3D75-84FA-3D0B64C000A9}
	EndProjectSection
EndProject
Project("{8BC9CEB8-8B4A-11D0-8D11-00A0C91BC942}") = "DebugUtils-c", "DebugUtils-c.vcxproj", "{C76EA235-8C7F-3C65-B25F-7E2F6DB9A1C1}"
	ProjectSection(ProjectDependencies) = postProject
		{74934982-E656-350A-8B53-27FB23053601} = {74934982-E656-350A-8B53-27FB23053601}
		{F21F4161-2902-32C6-8F7A-E5A0E9FEEBC7} = {F21F4161-2902-32C6-8F7A-E5A0E9FEEBC7}
		{BD49CE53-61DA-3308-9E08-137A6FF82278} = {BD49CE53-61DA-3308-9E08-137A6FF82278}
		{A3AEF5FA-3018-3D75-84FA-3D0B64C000A9} = {A3AEF5FA-3018-3D75-84FA-3D0B64C000A9}
	EndProjectSection
EndProject
Project("{8BC9CEB8-8B4A-11D0-8D11-00A0C91BC942}") = "Detour-c", "Detour-c.vcxproj", "{74934982-E656-350A-8B53-27FB23053601}"
	ProjectSection(ProjectDependencies) = postProject
		{A3AEF5FA-3018-3D75-84FA-3D0B64C000A9} = {A3AEF5FA-3018-3D75-84FA-3D0B64C000A9}
	EndProjectSection
EndProject
Project("{8BC9CEB8-8B4A-11D0-8D11-00A0C91BC942}") = "DetourCrowd-c", "DetourCrowd-c.vcxproj", "{87F8B9DB-9160-35E1-974A-5E6D3363AD7B}"
	ProjectSection(ProjectDependencies) = postProject
		{74934982-E656-350A-8B53-27FB23053601} = {74934982-E656-350A-8B53-27FB23053601}
		{A3AEF5FA-3018-3D75-84FA-3D0B64C000A9} = {A3AEF5FA-3018-3D75-84FA-3D0B64C000A9}
	EndProjectSection
EndProject
Project("{8BC9CEB8-8B4A-11D0-8D11-00A0C91BC942}") = "DetourTileCache-c", "DetourTileCache-c.vcxproj", "{F21F4161-2902-32C6-8F7A-E5A0E9FEEBC7}"
	ProjectSection(ProjectDependencies) = postProject
		{74934982-E656-350A-8B53-27FB23053601} = {74934982-E656-350A-8B53-27FB23053601}
		{A3AEF5FA-3018-3D75-84FA-3D0B64C000A9} = {A3AEF5FA-3018-3D75-84FA-3D0B64C000A9}
	EndProjectSection
EndProject
Project("{8BC9CEB8-8B4A-11D0-8D11-00A0C91BC942}") = "INSTALL", "INSTALL.vcxproj", "{0A172215-18D8-3299-A08B-23648D6DB0BD}"
	ProjectSection(ProjectDependencies) = postProject
		{BA73EBB1-37F5-3D7A-A8F6-A0E3FABDB771} = {BA73EBB1-37F5-3D7A-A8F6-A0E3FABDB771}
		{A3AEF5FA-3018-3D75-84FA-3D0B64C000A9} = {A3AEF5FA-3018-3D75-84FA-3D0B64C000A9}
	EndProjectSection
EndProject
Project("{8BC9CEB8-8B4A-11D0-8D11-00A0C91BC942}") = "Recast-c", "Recast-c.vcxproj", "{BD49CE53-61DA-3308-9E08-137A6FF82278}"
	ProjectSection(ProjectDependencies) = postProject
		{A3AEF5FA-3018-3D75-84FA-3D0B64C000A9} = {A3AEF5FA-3018-3D75-84FA-3D0B64C000A9}
	EndProjectSection
EndProject
Project("{8BC9CEB8-8B4A-11D0-8D11-00A0C91BC942}") = "ZERO_CHECK", "ZERO_CHECK.vcxproj", "{A3AEF5FA-3018-3D75-84FA-3D0B64C000A9}"
	ProjectSection(ProjectDependencies) = postProject
	EndProjectSection
EndProject
Global
	GlobalSection(SolutionConfigurationPlatforms) = preSolution
		Debug|x64 = Debug|x64
		Release|x64 = Release|x64
		MinSizeRel|x64 = MinSizeRel|x64
		RelWithDebInfo|x64 = RelWithDebInfo|x64
	EndGlobalSection
	GlobalSection(ProjectConfigurationPlatforms) = postSolution
		{BA73EBB1-37F5-3D7A-A8F6-A0E3FABDB771}.Debug|x64.ActiveCfg = Debug|x64
		{BA73EBB1-37F5-3D7A-A8F6-A0E3FABDB771}.Debug|x64.Build.0 = Debug|x64
		{BA73EBB1-37F5-3D7A-A8F6-A0E3FABDB771}.Release|x64.ActiveCfg = Release|x64
		{BA73EBB1-37F5-3D7A-A8F6-A0E3FABDB771}.Release|x64.Build.0 = Release|x64
		{BA73EBB1-37F5-3D7A-A8F6-A0E3FABDB771}.MinSizeRel|x64.ActiveCfg = MinSizeRel|x64
		{BA73EBB1-37F5-3D7A-A8F6-A0E3FABDB771}.MinSizeRel|x64.Build.0 = MinSizeRel|x64
		{BA73EBB1-37F5-3D7A-A8F6-A0E3FABDB771}.RelWithDebInfo|x64.ActiveCfg = RelWithDebInfo|x64
		{BA73EBB1-37F5-3D7A-A8F6-A0E3FABDB771}.RelWithDebInfo|x64.Build.0 = RelWithDebInfo|x64
		{C76EA235-8C7F-3C65-B25F-7E2F6DB9A1C1}.Debug|x64.ActiveCfg = Debug|x64
		{C76EA235-8C7F-3C65-B25F-7E2F6DB9A1C1}.Debug|x64.Build.0 = Debug|x64
		{C76EA235-8C7F-3C65-B25F-7E2F6DB9A1C1}.Release|x64.ActiveCfg = Release|x64
		{C76EA235-8C7F-3C65-B25F-7E2F6DB9A1C1}.Release|x64.Build.0 = Release|x64
		{C76EA235-8C7F-3C65-B25F-7E2F6DB9A1C1}.MinSizeRel|x64.ActiveCfg = MinSizeRel|x64
		{C76EA235-8C7F-3C65-B25F-7E2F6DB9A1C1}.MinSizeRel|x64.Build.0 = MinSizeRel|x64
		{C76EA235-8C7F-3C65-B25F-7E2F6DB9A1C1}.RelWithDebInfo|x64.ActiveCfg = RelWithDebInfo|x64
		{C76EA235-8C7F-3C65-B25F-7E2F6DB9A1C1}.RelWithDebInfo|x64.Build.0 = RelWithDebInfo|x64
		{74934982-E656-350A-8B53-27FB23053601}.Debug|x64.ActiveCfg = Debug|x64
		{74934982-E656-350A-8B53-27FB23053601}.Debug|x64.Build.0 = Debug|x64
		{74934982-E656-350A-8B53-27FB23053601}.Release|x64.ActiveCfg = Release|x64
		{74934982-E656-350A-8B53-27FB23053601}.Release|x64.Build.0 = Release|x64
		{74934982-E656-350A-8B53-27FB23053601}.MinSizeRel|x64.ActiveCfg = MinSizeRel|x64
		{74934982-E656-350A-8B53-27FB23053601}.MinSizeRel|x64.Build.0 = MinSizeRel|x64
		{74934982-E656-350A-8B53-27FB23053601}.RelWithDebInfo|x64.ActiveCfg = RelWithDebInfo|x64
		{74934982-E656-350A-8B53-27FB23053601}.RelWithDebInfo|x64.Build.0 = RelWithDebInfo|x64
		{87F8B9DB-9160-35E1-974A-5E6D3363AD7B}.Debug|x64.ActiveCfg = Debug|x64
		{87F8B9DB-9160-35E1-974A-5E6D3363AD7B}.Debug|x64.Build.0 = Debug|x64
		{87F8B9DB-9160-35E1-974A-5E6D3363AD7B}.Release|x64.ActiveCfg = Release|x64
		{87F8B9DB-9160-35E1-974A-5E6D3363AD7B}.Release|x64.Build.0 = Release|x64
		{87F8B9DB-9160-35E1-974A-5E6D3363AD7B}.MinSizeRel|x64.ActiveCfg = MinSizeRel|x64
		{87F8B9DB-9160-35E1-974A-5E6D3363AD7B}.MinSizeRel|x64.Build.0 = MinSizeRel|x64
		{87F8B9DB-9160-35E1-974A-5E6D3363AD7B}.RelWithDebInfo|x64.ActiveCfg = RelWithDebInfo|x64
		{87F8B9DB-9160-35E1-974A-5E6D3363AD7B}.RelWithDebInfo|x64.Build.0 = RelWithDebInfo|x64
		{F21F4161-2902-32C6-8F7A-E5A0E9FEEBC7}.Debug|x64.ActiveCfg = Debug|x64
		{F21F4161-2902-32C6-8F7A-E5A0E9FEEBC7}.Debug|x64.Build.0 = Debug|x64
		{F21F4161-2902-32C6-8F7A-E5A0E9FEEBC7}.Release|x64.ActiveCfg = Release|x64
		{F21F4161-2902-32C6-8F7A-E5A0E9FEEBC7}.Release|x64.Build.0 = Release|x64
		{F21F4161-2902-32C6-8F7A-E5A0E9FEEBC7}.MinSizeRel|x64.ActiveCfg = MinSizeRel|x64
		{F21F4161-2902-32C6-8F7A-E5A0E9FEEBC7}.MinSizeRel|x64.Build.0 = MinSizeRel|x64
		{F21F4161-2902-32C6-8F7A-E5A0E9FEEBC7}.RelWithDebInfo|x64.ActiveCfg = RelWithDebInfo|x64
		{F21F4161-2902-32C6-8F7A-E5A0E9FEEBC7}.RelWithDebInfo|x64.Build.0 = RelWithDebInfo|x64
		{0A172215-18D8-3299-A08B-23648D6DB0BD}.Debug|x64.ActiveCfg = Debug|x64
		{0A172215-18D8-3299-A08B-23648D6DB0BD}.Release|x64.ActiveCfg = Release|x64
		{0A172215-18D8-3299-A08B-23648D6DB0BD}.MinSizeRel|x64.ActiveCfg = MinSizeRel|x64
		{0A172215-18D8-3299-A08B-23648D6DB0BD}.RelWithDebInfo|x64.ActiveCfg = RelWithDebInfo|x64
		{BD49CE53-61DA-3308-9E08-137A6FF82278}.Debug|x64.ActiveCfg = Debug|x64
		{BD49CE53-61DA-3308-9E08-137A6FF82278}.Debug|x64.Build.0 = Debug|x64
		{BD49CE53-61DA-3308-9E08-137A6FF82278}.Release|x64.ActiveCfg = Release|x64
		{BD49CE53-61DA-3308-9E08-137A6FF82278}.Release|x64.Build.0 = Release|x64
		{BD49CE53-61DA-3308-9E08-137A6FF82278}.MinSizeRel|x64.ActiveCfg = MinSizeRel|x64
		{BD49CE53-61DA-3308-9E08-137A6FF82278}.MinSizeRel|x64.Build.0 = MinSizeRel|x64
		{BD49CE53-61DA-3308-9E08-137A6FF82278}.RelWithDebInfo|x64.ActiveCfg = RelWithDebInfo|x64
		{BD49CE53-61DA-3308-9E08-137A6FF82278}.RelWithDebInfo|x64.Build.0 = RelWithDebInfo|x64
		{A3AEF5FA-3018-3D75-84FA-3D0B64C000A9}.Debug|x64.ActiveCfg = Debug|x64
		{A3AEF5FA-3018-3D75-84FA-3D0B64C000A9}.Debug|x64.Build.0 = Debug|x64
		{A3AEF5FA-3018-3D75-84FA-3D0B64C000A9}.Release|x64.ActiveCfg = Release|x64
		{A3AEF5FA-3018-3D75-84FA-3D0B64C000A9}.Release|x64.Build.0 = Release|x64
		{A3AEF5FA-3018-3D75-84FA-3D0B64C000A9}.MinSizeRel|x64.ActiveCfg = MinSizeRel|x64
		{A3AEF5FA-3018-3D75-84FA-3D0B64C000A9}.MinSizeRel|x64.Build.0 = MinSizeRel|x64
		{A3AEF5FA-3018-3D75-84FA-3D0B64C000A9}.RelWithDebInfo|x64.ActiveCfg = RelWithDebInfo|x64
		{A3AEF5FA-3018-3D75-84FA-3D0B64C000A9}.RelWithDebInfo|x64.Build.0 = RelWithDebInfo|x64
	EndGlobalSection
	GlobalSection(ExtensibilityGlobals) = postSolution
		SolutionGuid = {B24E169F-94E6-3E68-9CC5-198C147DB860}
	EndGlobalSection
	GlobalSection(ExtensibilityAddIns) = postSolution
	EndGlobalSection
EndGlobal
