<?xml version="1.0" encoding="utf-8"?>
<Project ToolsVersion="17.0" xmlns="http://schemas.microsoft.com/developer/msbuild/2003">
  <ItemGroup>
    <CustomBuild Include="D:\Dev\Beef\Sedulous-Serenity\Code\Dependencies\recastnavigation-Beef\build-debug\CMakeFiles\aab49f4905af1591dd7adc3b24d075be\generate.stamp.rule">
      <Filter>CMake Rules</Filter>
    </CustomBuild>
  </ItemGroup>
  <ItemGroup>
    <Filter Include="CMake Rules">
      <UniqueIdentifier>{6B64464E-6FF6-381A-8CC0-044878AC7067}</UniqueIdentifier>
    </Filter>
  </ItemGroup>
</Project>
